
Microsoft Visual Studio Solution File, Format Version 12.00
# Visual Studio Version 17
VisualStudioVersion = 17.6.33829.357
MinimumVisualStudioVersion = 10.0.40219.1
Project("{FAE04EC0-301F-11D3-BF4B-00C04F79EFBC}") = "InventoryCustomization", "InventoryCustomization\InventoryCustomization.csproj", "{4F73CB87-F92C-41B3-8A21-03577AB2A8CB}"
EndProject
Global
	GlobalSection(SolutionConfigurationPlatforms) = preSolution
		Debug|Any CPU = Debug|Any CPU
		Release|Any CPU = Release|Any CPU
	EndGlobalSection
	GlobalSection(ProjectConfigurationPlatforms) = postSolution
		{4F73CB87-F92C-41B3-8A21-03577AB2A8CB}.Debug|Any CPU.ActiveCfg = Debug|Any CPU
		{4F73CB87-F92C-41B3-8A21-03577AB2A8CB}.Debug|Any CPU.Build.0 = Debug|Any CPU
		{4F73CB87-F92C-41B3-8A21-03577AB2A8CB}.Release|Any CPU.ActiveCfg = Release|Any CPU
		{4F73CB87-F92C-41B3-8A21-03577AB2A8CB}.Release|Any CPU.Build.0 = Release|Any CPU
	EndGlobalSection
	GlobalSection(SolutionProperties) = preSolution
		HideSolutionNode = FALSE
	EndGlobalSection
	GlobalSection(ExtensibilityGlobals) = postSolution
		SolutionGuid = {607FF8B2-D368-4C8A-A2B9-73EFDF3A2384}
	EndGlobalSection
EndGlobal
